
Microsoft Visual Studio Solution File, Format Version 12.00
# Visual Studio Version 17
VisualStudioVersion = 17.2.32630.192
MinimumVisualStudioVersion = 10.0.40219.1
Project("{FAE04EC0-301F-11D3-BF4B-00C04F79EFBC}") = "ADOdotNETeg", "ADOdotNETeg.csproj", "{FC642D99-81BE-4167-A546-0E1D17D402C1}"
EndProject
Global
	GlobalSection(SolutionConfigurationPlatforms) = preSolution
		Debug|Any CPU = Debug|Any CPU
		Release|Any CPU = Release|Any CPU
	EndGlobalSection
	GlobalSection(ProjectConfigurationPlatforms) = postSolution
		{FC642D99-81BE-4167-A546-0E1D17D402C1}.Debug|Any CPU.ActiveCfg = Debug|Any CPU
		{FC642D99-81BE-4167-A546-0E1D17D402C1}.Debug|Any CPU.Build.0 = Debug|Any CPU
		{FC642D99-81BE-4167-A546-0E1D17D402C1}.Release|Any CPU.ActiveCfg = Release|Any CPU
		{FC642D99-81BE-4167-A546-0E1D17D402C1}.Release|Any CPU.Build.0 = Release|Any CPU
	EndGlobalSection
	GlobalSection(SolutionProperties) = preSolution
		HideSolutionNode = FALSE
	EndGlobalSection
	GlobalSection(ExtensibilityGlobals) = postSolution
		SolutionGuid = {0E959D5E-6189-49BA-A59C-BAD9D88B0D43}
	EndGlobalSection
EndGlobal
